Microsoft Visual Studio Solution File, Format Version 12.00
# Visual Studio Version 17
VisualStudioVersion = 17.8.0.0
MinimumVisualStudioVersion = 17.8.0.0
Project("{9A19103F-16F7-4668-BE54-9A1E7A4F7556}") = "DeployApp.AppHost", "DeployApp.AppHost\DeployApp.AppHost.csproj", "{E6693530-BCF0-4D45-A44F-9F48B9163BC5}"
EndProject
Project("{9A19103F-16F7-4668-BE54-9A1E7A4F7556}") = "DeployApp.ServiceDefaults", "DeployApp.ServiceDefaults\DeployApp.ServiceDefaults.csproj", "{4CE2D1F5-BE9A-4122-AE2B-3C4EA2DD1BFB}"
EndProject
Project("{9A19103F-16F7-4668-BE54-9A1E7A4F7556}") = "DeployApp.ApiService", "DeployApp.ApiService\DeployApp.ApiService.csproj", "{350D5179-A4E4-487D-9E9C-4090D8107CF8}"
EndProject
Project("{9A19103F-16F7-4668-BE54-9A1E7A4F7556}") = "DeployApp.Web", "DeployApp.Web\DeployApp.Web.csproj", "{5200D464-6A05-4DC8-8104-136C8CFD7D49}"
EndProject
Global
	GlobalSection(SolutionConfigurationPlatforms) = preSolution
		Debug|Any CPU = Debug|Any CPU
		Release|Any CPU = Release|Any CPU
	EndGlobalSection
	GlobalSection(ProjectConfigurationPlatforms) = postSolution
		{E6693530-BCF0-4D45-A44F-9F48B9163BC5}.Debug|Any CPU.ActiveCfg = Debug|Any CPU
		{E6693530-BCF0-4D45-A44F-9F48B9163BC5}.Debug|Any CPU.Build.0 = Debug|Any CPU
		{E6693530-BCF0-4D45-A44F-9F48B9163BC5}.Release|Any CPU.ActiveCfg = Release|Any CPU
		{E6693530-BCF0-4D45-A44F-9F48B9163BC5}.Release|Any CPU.Build.0 = Release|Any CPU
		{4CE2D1F5-BE9A-4122-AE2B-3C4EA2DD1BFB}.Debug|Any CPU.ActiveCfg = Debug|Any CPU
		{4CE2D1F5-BE9A-4122-AE2B-3C4EA2DD1BFB}.Debug|Any CPU.Build.0 = Debug|Any CPU
		{4CE2D1F5-BE9A-4122-AE2B-3C4EA2DD1BFB}.Release|Any CPU.ActiveCfg = Release|Any CPU
		{4CE2D1F5-BE9A-4122-AE2B-3C4EA2DD1BFB}.Release|Any CPU.Build.0 = Release|Any CPU
		{350D5179-A4E4-487D-9E9C-4090D8107CF8}.Debug|Any CPU.ActiveCfg = Debug|Any CPU
		{350D5179-A4E4-487D-9E9C-4090D8107CF8}.Debug|Any CPU.Build.0 = Debug|Any CPU
		{350D5179-A4E4-487D-9E9C-4090D8107CF8}.Release|Any CPU.ActiveCfg = Release|Any CPU
		{350D5179-A4E4-487D-9E9C-4090D8107CF8}.Release|Any CPU.Build.0 = Release|Any CPU
		{5200D464-6A05-4DC8-8104-136C8CFD7D49}.Debug|Any CPU.ActiveCfg = Debug|Any CPU
		{5200D464-6A05-4DC8-8104-136C8CFD7D49}.Debug|Any CPU.Build.0 = Debug|Any CPU
		{5200D464-6A05-4DC8-8104-136C8CFD7D49}.Release|Any CPU.ActiveCfg = Release|Any CPU
		{5200D464-6A05-4DC8-8104-136C8CFD7D49}.Release|Any CPU.Build.0 = Release|Any CPU
	EndGlobalSection
	GlobalSection(SolutionProperties) = preSolution
		HideSolutionNode = FALSE
	EndGlobalSection
	GlobalSection(ExtensibilityGlobals) = postSolution
		SolutionGuid = {1525CCB8-162E-4F0E-9BEE-9792603AEA33}
	EndGlobalSection
EndGlobal
